
Microsoft Visual Studio Solution File, Format Version 12.00
# Visual Studio Version 17
VisualStudioVersion = 17.0.31903.59
MinimumVisualStudioVersion = 10.0.40219.1
Project("{2150E333-8FDC-42A3-9474-1A3956D46DE8}") = "samples", "samples", "{2E8DBE75-2DD1-414C-ADD9-E70BB8D517A7}"
EndProject
Project("{FAE04EC0-301F-11D3-BF4B-00C04F79EFBC}") = "Sample.Api", "samples\Sample.Api\Sample.Api.csproj", "{F3DDE77D-3B4D-42E8-8991-49CACB9889C1}"
EndProject
Project("{2150E333-8FDC-42A3-9474-1A3956D46DE8}") = "src", "src", "{AC327E28-E41D-4DF7-B638-810B6DFFE2FC}"
EndProject
Project("{FAE04EC0-301F-11D3-BF4B-00C04F79EFBC}") = "Behrouzan.Results", "src\Behrouzan.Results\Behrouzan.Results.csproj", "{5E92A3E1-7023-4222-BACE-6F9C41F6708E}"
EndProject
Project("{FAE04EC0-301F-11D3-BF4B-00C04F79EFBC}") = "Behrouzan.Results.AspNetCore", "src\Behrouzan.Results.AspNetCore\Behrouzan.Results.AspNetCore.csproj", "{1D15F830-80A9-492A-A222-285E8C1315C0}"
EndProject
Project("{2150E333-8FDC-42A3-9474-1A3956D46DE8}") = "tests", "tests", "{D381BCE5-84B1-41D8-948C-A9AE640DF266}"
EndProject
Project("{FAE04EC0-301F-11D3-BF4B-00C04F79EFBC}") = "Behrouzan.Results.Tests", "tests\Behrouzan.Results.Tests\Behrouzan.Results.Tests.csproj", "{2D82222B-90D7-4EDD-9D10-5043381FF9DE}"
EndProject
Project("{FAE04EC0-301F-11D3-BF4B-00C04F79EFBC}") = "Behrouzan.Results.AspNetCore.Tests", "tests\Behrouzan.Results.AspNetCore.Tests\Behrouzan.Results.AspNetCore.Tests.csproj", "{FF56406A-EF08-4CC2-AD6B-8242BA378627}"
EndProject
Global
	GlobalSection(SolutionConfigurationPlatforms) = preSolution
		Debug|Any CPU = Debug|Any CPU
		Release|Any CPU = Release|Any CPU
	EndGlobalSection
	GlobalSection(SolutionProperties) = preSolution
		HideSolutionNode = FALSE
	EndGlobalSection
	GlobalSection(ProjectConfigurationPlatforms) = postSolution
		{F3DDE77D-3B4D-42E8-8991-49CACB9889C1}.Debug|Any CPU.ActiveCfg = Debug|Any CPU
		{F3DDE77D-3B4D-42E8-8991-49CACB9889C1}.Debug|Any CPU.Build.0 = Debug|Any CPU
		{F3DDE77D-3B4D-42E8-8991-49CACB9889C1}.Release|Any CPU.ActiveCfg = Release|Any CPU
		{F3DDE77D-3B4D-42E8-8991-49CACB9889C1}.Release|Any CPU.Build.0 = Release|Any CPU
		{5E92A3E1-7023-4222-BACE-6F9C41F6708E}.Debug|Any CPU.ActiveCfg = Debug|Any CPU
		{5E92A3E1-7023-4222-BACE-6F9C41F6708E}.Debug|Any CPU.Build.0 = Debug|Any CPU
		{5E92A3E1-7023-4222-BACE-6F9C41F6708E}.Release|Any CPU.ActiveCfg = Release|Any CPU
		{5E92A3E1-7023-4222-BACE-6F9C41F6708E}.Release|Any CPU.Build.0 = Release|Any CPU
		{1D15F830-80A9-492A-A222-285E8C1315C0}.Debug|Any CPU.ActiveCfg = Debug|Any CPU
		{1D15F830-80A9-492A-A222-285E8C1315C0}.Debug|Any CPU.Build.0 = Debug|Any CPU
		{1D15F830-80A9-492A-A222-285E8C1315C0}.Release|Any CPU.ActiveCfg = Release|Any CPU
		{1D15F830-80A9-492A-A222-285E8C1315C0}.Release|Any CPU.Build.0 = Release|Any CPU
		{2D82222B-90D7-4EDD-9D10-5043381FF9DE}.Debug|Any CPU.ActiveCfg = Debug|Any CPU
		{2D82222B-90D7-4EDD-9D10-5043381FF9DE}.Debug|Any CPU.Build.0 = Debug|Any CPU
		{2D82222B-90D7-4EDD-9D10-5043381FF9DE}.Release|Any CPU.ActiveCfg = Release|Any CPU
		{2D82222B-90D7-4EDD-9D10-5043381FF9DE}.Release|Any CPU.Build.0 = Release|Any CPU
		{FF56406A-EF08-4CC2-AD6B-8242BA378627}.Debug|Any CPU.ActiveCfg = Debug|Any CPU
		{FF56406A-EF08-4CC2-AD6B-8242BA378627}.Debug|Any CPU.Build.0 = Debug|Any CPU
		{FF56406A-EF08-4CC2-AD6B-8242BA378627}.Release|Any CPU.ActiveCfg = Release|Any CPU
		{FF56406A-EF08-4CC2-AD6B-8242BA378627}.Release|Any CPU.Build.0 = Release|Any CPU
	EndGlobalSection
	GlobalSection(NestedProjects) = preSolution
		{F3DDE77D-3B4D-42E8-8991-49CACB9889C1} = {2E8DBE75-2DD1-414C-ADD9-E70BB8D517A7}
		{5E92A3E1-7023-4222-BACE-6F9C41F6708E} = {AC327E28-E41D-4DF7-B638-810B6DFFE2FC}
		{1D15F830-80A9-492A-A222-285E8C1315C0} = {AC327E28-E41D-4DF7-B638-810B6DFFE2FC}
		{2D82222B-90D7-4EDD-9D10-5043381FF9DE} = {D381BCE5-84B1-41D8-948C-A9AE640DF266}
		{FF56406A-EF08-4CC2-AD6B-8242BA378627} = {D381BCE5-84B1-41D8-948C-A9AE640DF266}
	EndGlobalSection
EndGlobal
